// !$*UTF8*$!
{
	archiveVersion = 1;
	classes = {
	};
	objectVersion = 46;
	objects = {

/* Begin PBXBuildFile section */
		D3436EAB1D0628CF00FED02B /* LaunchScreen.storyboard in Resources */ = {isa = PBXBuildFile; fileRef = D3436EA11D0628CF00FED02B /* LaunchScreen.storyboard */; };
		D3436EAC1D0628CF00FED02B /* LaunchScreen.xib in Resources */ = {isa = PBXBuildFile; fileRef = D3436EA31D0628CF00FED02B /* LaunchScreen.xib */; };
		D3436EAD1D0628CF00FED02B /* Main.storyboard in Resources */ = {isa = PBXBuildFile; fileRef = D3436EA51D0628CF00FED02B /* Main.storyboard */; };
		D3436EAE1D0628CF00FED02B /* BeaconScanner.swift in Sources */ = {isa = PBXBuildFile; fileRef = D3436EA71D0628CF00FED02B /* BeaconScanner.swift */; };
		D3436EAF1D0628CF00FED02B /* DispatchTimer.swift in Sources */ = {isa = PBXBuildFile; fileRef = D3436EA81D0628CF00FED02B /* DispatchTimer.swift */; };
		D3436EB01D0628CF00FED02B /* Eddystone.swift in Sources */ = {isa = PBXBuildFile; fileRef = D3436EA91D0628CF00FED02B /* Eddystone.swift */; };
		D354E9B81D08E6F8009507E6 /* ChatClient.swift in Sources */ = {isa = PBXBuildFile; fileRef = D354E9B71D08E6F8009507E6 /* ChatClient.swift */; };
		D354E9BA1D08EF1F009507E6 /* SocketIOClientSwift.framework in Frameworks */ = {isa = PBXBuildFile; fileRef = D354E9B91D08EF1F009507E6 /* SocketIOClientSwift.framework */; };
		D354E9BB1D08EF1F009507E6 /* SocketIOClientSwift.framework in Embed Frameworks */ = {isa = PBXBuildFile; fileRef = D354E9B91D08EF1F009507E6 /* SocketIOClientSwift.framework */; settings = {ATTRIBUTES = (CodeSignOnCopy, RemoveHeadersOnCopy, ); }; };
		D35660A81D09052800B310BB /* KeyboardHelper.swift in Sources */ = {isa = PBXBuildFile; fileRef = D35660A71D09052800B310BB /* KeyboardHelper.swift */; };
		D35660AA1D09469900B310BB /* Kanna.framework in Frameworks */ = {isa = PBXBuildFile; fileRef = D35660A91D09469900B310BB /* Kanna.framework */; };
		D35660AB1D09469900B310BB /* Kanna.framework in Embed Frameworks */ = {isa = PBXBuildFile; fileRef = D35660A91D09469900B310BB /* Kanna.framework */; settings = {ATTRIBUTES = (CodeSignOnCopy, RemoveHeadersOnCopy, ); }; };
		D3ACF7951D06284000647D43 /* AppDelegate.swift in Sources */ = {isa = PBXBuildFile; fileRef = D3ACF7941D06284000647D43 /* AppDelegate.swift */; };
		D3ACF7971D06284000647D43 /* ViewController.swift in Sources */ = {isa = PBXBuildFile; fileRef = D3ACF7961D06284000647D43 /* ViewController.swift */; };
		D3ACF79A1D06284000647D43 /* Main.storyboard in Resources */ = {isa = PBXBuildFile; fileRef = D3ACF7981D06284000647D43 /* Main.storyboard */; };
		D3ACF79C1D06284000647D43 /* Assets.xcassets in Resources */ = {isa = PBXBuildFile; fileRef = D3ACF79B1D06284000647D43 /* Assets.xcassets */; };
		D3ACF79F1D06284000647D43 /* LaunchScreen.storyboard in Resources */ = {isa = PBXBuildFile; fileRef = D3ACF79D1D06284000647D43 /* LaunchScreen.storyboard */; };
		D3AE23FD1D07E10000BE1D0F /* ChatViewController.swift in Sources */ = {isa = PBXBuildFile; fileRef = D3AE23FC1D07E10000BE1D0F /* ChatViewController.swift */; };
/* End PBXBuildFile section */

/* Begin PBXCopyFilesBuildPhase section */
		D354E9B61D08E6B9009507E6 /* Embed Frameworks */ = {
			isa = PBXCopyFilesBuildPhase;
			buildActionMask = 2147483647;
			dstPath = "";
			dstSubfolderSpec = 10;
			files = (
				D35660AB1D09469900B310BB /* Kanna.framework in Embed Frameworks */,
				D354E9BB1D08EF1F009507E6 /* SocketIOClientSwift.framework in Embed Frameworks */,
			);
			name = "Embed Frameworks";
			runOnlyForDeploymentPostprocessing = 0;
		};
/* End PBXCopyFilesBuildPhase section */

/* Begin PBXFileReference section */
		D3436EA21D0628CF00FED02B /* Base */ = {isa = PBXFileReference; lastKnownFileType = file.storyboard; name = Base; path = LaunchScreen.storyboard; sourceTree = "<group>"; };
		D3436EA41D0628CF00FED02B /* Base */ = {isa = PBXFileReference; lastKnownFileType = file.xib; name = Base; path = LaunchScreen.xib; sourceTree = "<group>"; };
		D3436EA61D0628CF00FED02B /* Base */ = {isa = PBXFileReference; lastKnownFileType = file.storyboard; name = Base; path = Main.storyboard; sourceTree = "<group>"; };
		D3436EA71D0628CF00FED02B /* BeaconScanner.swift */ = {isa = PBXFileReference; fileEncoding = 4; indentWidth = 2; lastKnownFileType = sourcecode.swift; path = BeaconScanner.swift; sourceTree = "<group>"; tabWidth = 2; };
		D3436EA81D0628CF00FED02B /* DispatchTimer.swift */ = {isa = PBXFileReference; fileEncoding = 4; lastKnownFileType = sourcecode.swift; path = DispatchTimer.swift; sourceTree = "<group>"; };
		D3436EA91D0628CF00FED02B /* Eddystone.swift */ = {isa = PBXFileReference; fileEncoding = 4; indentWidth = 2; lastKnownFileType = sourcecode.swift; path = Eddystone.swift; sourceTree = "<group>"; tabWidth = 2; };
		D354E9B71D08E6F8009507E6 /* ChatClient.swift */ = {isa = PBXFileReference; fileEncoding = 4; lastKnownFileType = sourcecode.swift; path = ChatClient.swift; sourceTree = "<group>"; };
		D354E9B91D08EF1F009507E6 /* SocketIOClientSwift.framework */ = {isa = PBXFileReference; lastKnownFileType = wrapper.framework; name = SocketIOClientSwift.framework; path = Carthage/Build/iOS/SocketIOClientSwift.framework; sourceTree = "<group>"; };
		D35660A71D09052800B310BB /* KeyboardHelper.swift */ = {isa = PBXFileReference; fileEncoding = 4; lastKnownFileType = sourcecode.swift; path = KeyboardHelper.swift; sourceTree = "<group>"; };
		D35660A91D09469900B310BB /* Kanna.framework */ = {isa = PBXFileReference; lastKnownFileType = wrapper.framework; name = Kanna.framework; path = Carthage/Build/iOS/Kanna.framework; sourceTree = "<group>"; };
		D3ACF7911D06284000647D43 /* EddystoneTest.app */ = {isa = PBXFileReference; explicitFileType = wrapper.application; includeInIndex = 0; path = EddystoneTest.app; sourceTree = BUILT_PRODUCTS_DIR; };
		D3ACF7941D06284000647D43 /* AppDelegate.swift */ = {isa = PBXFileReference; lastKnownFileType = sourcecode.swift; path = AppDelegate.swift; sourceTree = "<group>"; };
		D3ACF7961D06284000647D43 /* ViewController.swift */ = {isa = PBXFileReference; indentWidth = 2; lastKnownFileType = sourcecode.swift; path = ViewController.swift; sourceTree = "<group>"; tabWidth = 2; };
		D3ACF7991D06284000647D43 /* Base */ = {isa = PBXFileReference; lastKnownFileType = file.storyboard; name = Base; path = Base.lproj/Main.storyboard; sourceTree = "<group>"; };
		D3ACF79B1D06284000647D43 /* Assets.xcassets */ = {isa = PBXFileReference; lastKnownFileType = folder.assetcatalog; path = Assets.xcassets; sourceTree = "<group>"; };
		D3ACF79E1D06284000647D43 /* Base */ = {isa = PBXFileReference; lastKnownFileType = file.storyboard; name = Base; path = Base.lproj/LaunchScreen.storyboard; sourceTree = "<group>"; };
		D3ACF7A01D06284000647D43 /* Info.plist */ = {isa = PBXFileReference; lastKnownFileType = text.plist.xml; path = Info.plist; sourceTree = "<group>"; };
		D3AE23FC1D07E10000BE1D0F /* ChatViewController.swift */ = {isa = PBXFileReference; fileEncoding = 4; lastKnownFileType = sourcecode.swift; path = ChatViewController.swift; sourceTree = "<group>"; };
/* End PBXFileReference section */

/* Begin PBXFrameworksBuildPhase section */
		D3ACF78E1D06284000647D43 /* Frameworks */ = {
			isa = PBXFrameworksBuildPhase;
			buildActionMask = 2147483647;
			files = (
				D35660AA1D09469900B310BB /* Kanna.framework in Frameworks */,
				D354E9BA1D08EF1F009507E6 /* SocketIOClientSwift.framework in Frameworks */,
			);
			runOnlyForDeploymentPostprocessing = 0;
		};
/* End PBXFrameworksBuildPhase section */

/* Begin PBXGroup section */
		D3436EA01D0628CF00FED02B /* Base.lproj */ = {
			isa = PBXGroup;
			children = (
				D3436EA11D0628CF00FED02B /* LaunchScreen.storyboard */,
				D3436EA31D0628CF00FED02B /* LaunchScreen.xib */,
				D3436EA51D0628CF00FED02B /* Main.storyboard */,
			);
			path = Base.lproj;
			sourceTree = "<group>";
		};
		D3ACF7881D06284000647D43 = {
			isa = PBXGroup;
			children = (
				D35660A91D09469900B310BB /* Kanna.framework */,
				D354E9B91D08EF1F009507E6 /* SocketIOClientSwift.framework */,
				D3ACF7931D06284000647D43 /* EddystoneTest */,
				D3ACF7921D06284000647D43 /* Products */,
			);
			sourceTree = "<group>";
		};
		D3ACF7921D06284000647D43 /* Products */ = {
			isa = PBXGroup;
			children = (
				D3ACF7911D06284000647D43 /* EddystoneTest.app */,
			);
			name = Products;
			sourceTree = "<group>";
		};
		D3ACF7931D06284000647D43 /* EddystoneTest */ = {
			isa = PBXGroup;
			children = (
				D3ACF7A01D06284000647D43 /* Info.plist */,
				D3ACF7941D06284000647D43 /* AppDelegate.swift */,
				D3436EA71D0628CF00FED02B /* BeaconScanner.swift */,
				D354E9B71D08E6F8009507E6 /* ChatClient.swift */,
				D3AE23FC1D07E10000BE1D0F /* ChatViewController.swift */,
				D3436EA81D0628CF00FED02B /* DispatchTimer.swift */,
				D3436EA91D0628CF00FED02B /* Eddystone.swift */,
				D35660A71D09052800B310BB /* KeyboardHelper.swift */,
				D3ACF7961D06284000647D43 /* ViewController.swift */,
				D3ACF79B1D06284000647D43 /* Assets.xcassets */,
				D3436EA01D0628CF00FED02B /* Base.lproj */,
				D3ACF79D1D06284000647D43 /* LaunchScreen.storyboard */,
				D3ACF7981D06284000647D43 /* Main.storyboard */,
			);
			path = EddystoneTest;
			sourceTree = "<group>";
		};
/* End PBXGroup section */

/* Begin PBXNativeTarget section */
		D3ACF7901D06284000647D43 /* EddystoneTest */ = {
			isa = PBXNativeTarget;
			buildConfigurationList = D3ACF7A31D06284000647D43 /* Build configuration list for PBXNativeTarget "EddystoneTest" */;
			buildPhases = (
				D3ACF78D1D06284000647D43 /* Sources */,
				D3ACF78E1D06284000647D43 /* Frameworks */,
				D3ACF78F1D06284000647D43 /* Resources */,
				D354E9B61D08E6B9009507E6 /* Embed Frameworks */,
			);
			buildRules = (
			);
			dependencies = (
			);
			name = EddystoneTest;
			productName = EddystoneTest;
			productReference = D3ACF7911D06284000647D43 /* EddystoneTest.app */;
			productType = "com.apple.product-type.application";
		};
/* End PBXNativeTarget section */

/* Begin PBXProject section */
		D3ACF7891D06284000647D43 /* Project object */ = {
			isa = PBXProject;
			attributes = {
				LastSwiftUpdateCheck = 0730;
				LastUpgradeCheck = 0730;
				ORGANIZATIONNAME = Mozilla;
				TargetAttributes = {
					D3ACF7901D06284000647D43 = {
						CreatedOnToolsVersion = 7.3;
					};
				};
			};
			buildConfigurationList = D3ACF78C1D06284000647D43 /* Build configuration list for PBXProject "EddystoneTest" */;
			compatibilityVersion = "Xcode 3.2";
			developmentRegion = English;
			hasScannedForEncodings = 0;
			knownRegions = (
				en,
				Base,
			);
			mainGroup = D3ACF7881D06284000647D43;
			productRefGroup = D3ACF7921D06284000647D43 /* Products */;
			projectDirPath = "";
			projectRoot = "";
			targets = (
				D3ACF7901D06284000647D43 /* EddystoneTest */,
			);
		};
/* End PBXProject section */

/* Begin PBXResourcesBuildPhase section */
		D3ACF78F1D06284000647D43 /* Resources */ = {
			isa = PBXResourcesBuildPhase;
			buildActionMask = 2147483647;
			files = (
				D3436EAC1D0628CF00FED02B /* LaunchScreen.xib in Resources */,
				D3ACF79F1D06284000647D43 /* LaunchScreen.storyboard in Resources */,
				D3436EAB1D0628CF00FED02B /* LaunchScreen.storyboard in Resources */,
				D3436EAD1D0628CF00FED02B /* Main.storyboard in Resources */,
				D3ACF79C1D06284000647D43 /* Assets.xcassets in Resources */,
				D3ACF79A1D06284000647D43 /* Main.storyboard in Resources */,
			);
			runOnlyForDeploymentPostprocessing = 0;
		};
/* End PBXResourcesBuildPhase section */

/* Begin PBXSourcesBuildPhase section */
		D3ACF78D1D06284000647D43 /* Sources */ = {
			isa = PBXSourcesBuildPhase;
			buildActionMask = 2147483647;
			files = (
				D35660A81D09052800B310BB /* KeyboardHelper.swift in Sources */,
				D3ACF7971D06284000647D43 /* ViewController.swift in Sources */,
				D3436EB01D0628CF00FED02B /* Eddystone.swift in Sources */,
				D3AE23FD1D07E10000BE1D0F /* ChatViewController.swift in Sources */,
				D3436EAE1D0628CF00FED02B /* BeaconScanner.swift in Sources */,
				D3ACF7951D06284000647D43 /* AppDelegate.swift in Sources */,
				D3436EAF1D0628CF00FED02B /* DispatchTimer.swift in Sources */,
				D354E9B81D08E6F8009507E6 /* ChatClient.swift in Sources */,
			);
			runOnlyForDeploymentPostprocessing = 0;
		};
/* End PBXSourcesBuildPhase section */

/* Begin PBXVariantGroup section */
		D3436EA11D0628CF00FED02B /* LaunchScreen.storyboard */ = {
			isa = PBXVariantGroup;
			children = (
				D3436EA21D0628CF00FED02B /* Base */,
			);
			name = LaunchScreen.storyboard;
			sourceTree = "<group>";
		};
		D3436EA31D0628CF00FED02B /* LaunchScreen.xib */ = {
			isa = PBXVariantGroup;
			children = (
				D3436EA41D0628CF00FED02B /* Base */,
			);
			name = LaunchScreen.xib;
			sourceTree = "<group>";
		};
		D3436EA51D0628CF00FED02B /* Main.storyboard */ = {
			isa = PBXVariantGroup;
			children = (
				D3436EA61D0628CF00FED02B /* Base */,
			);
			name = Main.storyboard;
			sourceTree = "<group>";
		};
		D3ACF7981D06284000647D43 /* Main.storyboard */ = {
			isa = PBXVariantGroup;
			children = (
				D3ACF7991D06284000647D43 /* Base */,
			);
			name = Main.storyboard;
			sourceTree = "<group>";
		};
		D3ACF79D1D06284000647D43 /* LaunchScreen.storyboard */ = {
			isa = PBXVariantGroup;
			children = (
				D3ACF79E1D06284000647D43 /* Base */,
			);
			name = LaunchScreen.storyboard;
			sourceTree = "<group>";
		};
/* End PBXVariantGroup section */

/* Begin XCBuildConfiguration section */
		D3ACF7A11D06284000647D43 /* Debug */ = {
			isa = XCBuildConfiguration;
			buildSettings = {
				ALWAYS_SEARCH_USER_PATHS = NO;
				CLANG_ANALYZER_NONNULL = YES;
				CLANG_CXX_LANGUAGE_STANDARD = "gnu++0x";
				CLANG_CXX_LIBRARY = "libc++";
				CLANG_ENABLE_MODULES = YES;
				CLANG_ENABLE_OBJC_ARC = YES;
				CLANG_WARN_BOOL_CONVERSION = YES;
				CLANG_WARN_CONSTANT_CONVERSION = YES;
				CLANG_WARN_DIRECT_OBJC_ISA_USAGE = YES_ERROR;
				CLANG_WARN_EMPTY_BODY = YES;
				CLANG_WARN_ENUM_CONVERSION = YES;
				CLANG_WARN_INT_CONVERSION = YES;
				CLANG_WARN_OBJC_ROOT_CLASS = YES_ERROR;
				CLANG_WARN_UNREACHABLE_CODE = YES;
				CLANG_WARN__DUPLICATE_METHOD_MATCH = YES;
				"CODE_SIGN_IDENTITY[sdk=iphoneos*]" = "iPhone Developer";
				COPY_PHASE_STRIP = NO;
				DEBUG_INFORMATION_FORMAT = dwarf;
				ENABLE_STRICT_OBJC_MSGSEND = YES;
				ENABLE_TESTABILITY = YES;
				GCC_C_LANGUAGE_STANDARD = gnu99;
				GCC_DYNAMIC_NO_PIC = NO;
				GCC_NO_COMMON_BLOCKS = YES;
				GCC_OPTIMIZATION_LEVEL = 0;
				GCC_PREPROCESSOR_DEFINITIONS = (
					"DEBUG=1",
					"$(inherited)",
				);
				GCC_WARN_64_TO_32_BIT_CONVERSION = YES;
				GCC_WARN_ABOUT_RETURN_TYPE = YES_ERROR;
				GCC_WARN_UNDECLARED_SELECTOR = YES;
				GCC_WARN_UNINITIALIZED_AUTOS = YES_AGGRESSIVE;
				GCC_WARN_UNUSED_FUNCTION = YES;
				GCC_WARN_UNUSED_VARIABLE = YES;
				IPHONEOS_DEPLOYMENT_TARGET = 9.3;
				MTL_ENABLE_DEBUG_INFO = YES;
				ONLY_ACTIVE_ARCH = YES;
				SDKROOT = iphoneos;
				SWIFT_OPTIMIZATION_LEVEL = "-Onone";
				TARGETED_DEVICE_FAMILY = "1,2";
			};
			name = Debug;
		};
		D3ACF7A21D06284000647D43 /* Release */ = {
			isa = XCBuildConfiguration;
			buildSettings = {
				ALWAYS_SEARCH_USER_PATHS = NO;
				CLANG_ANALYZER_NONNULL = YES;
				CLANG_CXX_LANGUAGE_STANDARD = "gnu++0x";
				CLANG_CXX_LIBRARY = "libc++";
				CLANG_ENABLE_MODULES = YES;
				CLANG_ENABLE_OBJC_ARC = YES;
				CLANG_WARN_BOOL_CONVERSION = YES;
				CLANG_WARN_CONSTANT_CONVERSION = YES;
				CLANG_WARN_DIRECT_OBJC_ISA_USAGE = YES_ERROR;
				CLANG_WARN_EMPTY_BODY = YES;
				CLANG_WARN_ENUM_CONVERSION = YES;
				CLANG_WARN_INT_CONVERSION = YES;
				CLANG_WARN_OBJC_ROOT_CLASS = YES_ERROR;
				CLANG_WARN_UNREACHABLE_CODE = YES;
				CLANG_WARN__DUPLICATE_METHOD_MATCH = YES;
				"CODE_SIGN_IDENTITY[sdk=iphoneos*]" = "iPhone Developer";
				COPY_PHASE_STRIP = NO;
				DEBUG_INFORMATION_FORMAT = "dwarf-with-dsym";
				ENABLE_NS_ASSERTIONS = NO;
				ENABLE_STRICT_OBJC_MSGSEND = YES;
				GCC_C_LANGUAGE_STANDARD = gnu99;
				GCC_NO_COMMON_BLOCKS = YES;
				GCC_WARN_64_TO_32_BIT_CONVERSION = YES;
				GCC_WARN_ABOUT_RETURN_TYPE = YES_ERROR;
				GCC_WARN_UNDECLARED_SELECTOR = YES;
				GCC_WARN_UNINITIALIZED_AUTOS = YES_AGGRESSIVE;
				GCC_WARN_UNUSED_FUNCTION = YES;
				GCC_WARN_UNUSED_VARIABLE = YES;
				IPHONEOS_DEPLOYMENT_TARGET = 9.3;
				MTL_ENABLE_DEBUG_INFO = NO;
				SDKROOT = iphoneos;
				TARGETED_DEVICE_FAMILY = "1,2";
				VALIDATE_PRODUCT = YES;
			};
			name = Release;
		};
		D3ACF7A41D06284000647D43 /* Debug */ = {
			isa = XCBuildConfiguration;
			buildSettings = {
				ASSETCATALOG_COMPILER_APPICON_NAME = AppIcon;
				FRAMEWORK_SEARCH_PATHS = (
					"$(inherited)",
					"$(PROJECT_DIR)/Carthage/Build/iOS",
				);
				"HEADER_SEARCH_PATHS[arch=*]" = "$(SDKROOT)/usr/include/libxml2";
				INFOPLIST_FILE = EddystoneTest/Info.plist;
				LD_RUNPATH_SEARCH_PATHS = "$(inherited) @executable_path/Frameworks";
				PRODUCT_BUNDLE_IDENTIFIER = com.thebnich.eddystone.EddystoneTest;
				PRODUCT_NAME = "$(TARGET_NAME)";
			};
			name = Debug;
		};
		D3ACF7A51D06284000647D43 /* Release */ = {
			isa = XCBuildConfiguration;
			buildSettings = {
				ASSETCATALOG_COMPILER_APPICON_NAME = AppIcon;
				FRAMEWORK_SEARCH_PATHS = (
					"$(inherited)",
					"$(PROJECT_DIR)/Carthage/Build/iOS",
				);
				"HEADER_SEARCH_PATHS[arch=*]" = "$(SDKROOT)/usr/include/libxml2";
				INFOPLIST_FILE = EddystoneTest/Info.plist;
				LD_RUNPATH_SEARCH_PATHS = "$(inherited) @executable_path/Frameworks";
				PRODUCT_BUNDLE_IDENTIFIER = com.thebnich.eddystone.EddystoneTest;
				PRODUCT_NAME = "$(TARGET_NAME)";
			};
			name = Release;
		};
/* End XCBuildConfiguration section */

/* Begin XCConfigurationList section */
		D3ACF78C1D06284000647D43 /* Build configuration list for PBXProject "EddystoneTest" */ = {
			isa = XCConfigurationList;
			buildConfigurations = (
				D3ACF7A11D06284000647D43 /* Debug */,
				D3ACF7A21D06284000647D43 /* Release */,
			);
			defaultConfigurationIsVisible = 0;
			defaultConfigurationName = Release;
		};
		D3ACF7A31D06284000647D43 /* Build configuration list for PBXNativeTarget "EddystoneTest" */ = {
			isa = XCConfigurationList;
			buildConfigurations = (
				D3ACF7A41D06284000647D43 /* Debug */,
				D3ACF7A51D06284000647D43 /* Release */,
			);
			defaultConfigurationIsVisible = 0;
			defaultConfigurationName = Release;
		};
/* End XCConfigurationList section */
	};
	rootObject = D3ACF7891D06284000647D43 /* Project object */;
}
